
Microsoft Visual Studio Solution File, Format Version 12.00
# Visual Studio Version 16
VisualStudioVersion = 16.0.31005.135
MinimumVisualStudioVersion = 10.0.40219.1
Project("{FAE04EC0-301F-11D3-BF4B-00C04F79EFBC}") = "WebERP", "WebERP\WebERP.csproj", "{4876B214-1377-4439-8D89-72216DF2A039}"
EndProject
Project("{FAE04EC0-301F-11D3-BF4B-00C04F79EFBC}") = "EntityLayer", "EntityLayer\EntityLayer.csproj", "{D6C06111-94AE-4ED8-BEA9-A04C7EE22A3B}"
EndProject
Project("{FAE04EC0-301F-11D3-BF4B-00C04F79EFBC}") = "DataAccessLayer", "DataAccessLayer\DataAccessLayer.csproj", "{9F300B33-6016-425B-BA64-7C3BB3017C53}"
EndProject
Project("{FAE04EC0-301F-11D3-BF4B-00C04F79EFBC}") = "BusinessLayer", "BusinessLayer\BusinessLayer.csproj", "{1706681C-11E7-4719-88B6-7A6E4AEF3267}"
EndProject
Global
	GlobalSection(SolutionConfigurationPlatforms) = preSolution
		Debug|Any CPU = Debug|Any CPU
		Release|Any CPU = Release|Any CPU
	EndGlobalSection
	GlobalSection(ProjectConfigurationPlatforms) = postSolution
		{4876B214-1377-4439-8D89-72216DF2A039}.Debug|Any CPU.ActiveCfg = Debug|Any CPU
		{4876B214-1377-4439-8D89-72216DF2A039}.Debug|Any CPU.Build.0 = Debug|Any CPU
		{4876B214-1377-4439-8D89-72216DF2A039}.Release|Any CPU.ActiveCfg = Release|Any CPU
		{4876B214-1377-4439-8D89-72216DF2A039}.Release|Any CPU.Build.0 = Release|Any CPU
		{D6C06111-94AE-4ED8-BEA9-A04C7EE22A3B}.Debug|Any CPU.ActiveCfg = Debug|Any CPU
		{D6C06111-94AE-4ED8-BEA9-A04C7EE22A3B}.Debug|Any CPU.Build.0 = Debug|Any CPU
		{D6C06111-94AE-4ED8-BEA9-A04C7EE22A3B}.Release|Any CPU.ActiveCfg = Release|Any CPU
		{D6C06111-94AE-4ED8-BEA9-A04C7EE22A3B}.Release|Any CPU.Build.0 = Release|Any CPU
		{9F300B33-6016-425B-BA64-7C3BB3017C53}.Debug|Any CPU.ActiveCfg = Debug|Any CPU
		{9F300B33-6016-425B-BA64-7C3BB3017C53}.Debug|Any CPU.Build.0 = Debug|Any CPU
		{9F300B33-6016-425B-BA64-7C3BB3017C53}.Release|Any CPU.ActiveCfg = Release|Any CPU
		{9F300B33-6016-425B-BA64-7C3BB3017C53}.Release|Any CPU.Build.0 = Release|Any CPU
		{1706681C-11E7-4719-88B6-7A6E4AEF3267}.Debug|Any CPU.ActiveCfg = Debug|Any CPU
		{1706681C-11E7-4719-88B6-7A6E4AEF3267}.Debug|Any CPU.Build.0 = Debug|Any CPU
		{1706681C-11E7-4719-88B6-7A6E4AEF3267}.Release|Any CPU.ActiveCfg = Release|Any CPU
		{1706681C-11E7-4719-88B6-7A6E4AEF3267}.Release|Any CPU.Build.0 = Release|Any CPU
	EndGlobalSection
	GlobalSection(SolutionProperties) = preSolution
		HideSolutionNode = FALSE
	EndGlobalSection
	GlobalSection(ExtensibilityGlobals) = postSolution
		SolutionGuid = {C8A14E90-4C57-459E-ACE1-9EBE42D519C4}
	EndGlobalSection
EndGlobal
